# This file is automatically @generated by Poetry 1.7.1 and should not be changed by hand.

[[package]]
name = "newrelic"
version = "9.6.0"
description = "New Relic Python Agent"
optional = false
python-versions = ">=2.7,!=3.0.*,!=3.1.*,!=3.2.*,!=3.3.*,!=3.4.*,!=3.5.*,!=3.6.*"
files = [
    {file = "newrelic-9.6.0-cp27-cp27m-manylinux1_x86_64.whl", hash = "sha256:09dad0db993402e166e37d99302c2ad5588b4ff1e5b814819540ca5ec2bd3cea"},
    {file = "newrelic-9.6.0-cp27-cp27m-manylinux2010_x86_64.whl", hash = "sha256:aeadc0bd8140738af4d7d7ea9d0a3dfa7b6f37e02fe48c0a035ccb6cac881770"},
    {file = "newrelic-9.6.0-cp27-cp27mu-manylinux1_x86_64.whl", hash = "sha256:16fb3bfde6dca0edab358c2b083386e2e764c463d85ffeb41cd6ce7a279bd7f6"},
    {file = "newrelic-9.6.0-cp27-cp27mu-manylinux2010_x86_64.whl", hash = "sha256:1ba2fc6ce0b6b9a399a1e5db7e480ba51b431cb3cc6ba136a4c0e76877cf972d"},
    {file = "newrelic-9.6.0-cp310-cp310-manylinux_2_17_aarch64.manylinux2014_aarch64.whl", hash = "sha256:7fe927f79db2dd5432a362aedde98543e93599b26d5c2e065bc563991be7f347"},
    {file = "newrelic-9.6.0-cp310-cp310-manylinux_2_5_x86_64.manylinux1_x86_64.manylinux_2_17_x86_64.manylinux2014_x86_64.whl", hash = "sha256:3fefffff32e6605ddf26d51030ea1a41b9f7f606fccbb5f8d4b43c36d755acd1"},
    {file = "newrelic-9.6.0-cp310-cp310-musllinux_1_1_aarch64.whl", hash = "sha256:0a68dd85a7cf4c5039ea94c8975f86a7c516dd492d8bf08976ab0a459918da9b"},
    {file = "newrelic-9.6.0-cp310-cp310-musllinux_1_1_x86_64.whl", hash = "sha256:74a9a49ef596aa9f7560f6bb1480480b8f9b652c7e03de173ef06b0dc2355799"},
    {file = "newrelic-9.6.0-cp311-cp311-manylinux_2_17_aarch64.manylinux2014_aarch64.whl", hash = "sha256:26255aec6b29bc17e5e089bb18fbf004f4c765386ba61d1289681aa7ba538207"},
    {file = "newrelic-9.6.0-cp311-cp311-manylinux_2_5_x86_64.manylinux1_x86_64.manylinux_2_17_x86_64.manylinux2014_x86_64.whl", hash = "sha256:c6f21f7a69294f64daa9be59c1c1e0eba889e85ed83afc67ed0a63c8efc9ff2b"},
    {file = "newrelic-9.6.0-cp311-cp311-musllinux_1_1_aarch64.whl", hash = "sha256:5ecd44ff5b39138469778b5224a1a373867d21a0ca2389d093d99939cb422947"},
    {file = "newrelic-9.6.0-cp311-cp311-musllinux_1_1_x86_64.whl", hash = "sha256:c6c4aa8b91dcb5403862c3e5efa57751a8b4e778576916bb22cafbfc03d47807"},
    {file = "newrelic-9.6.0-cp312-cp312-manylinux_2_17_aarch64.manylinux2014_aarch64.whl", hash = "sha256:6f02fb9166533f22fdb465f7a8d4b364178d94561b159cc9922f4d27491fd7d1"},
    {file = "newrelic-9.6.0-cp312-cp312-manylinux_2_5_x86_64.manylinux1_x86_64.manylinux_2_17_x86_64.manylinux2014_x86_64.whl", hash = "sha256:703ee92dda983eb4dcbcc300750a815ff3a5401995c3cdd587ac785b6d747e0e"},
    {file = "newrelic-9.6.0-cp312-cp312-musllinux_1_1_aarch64.whl", hash = "sha256:ce4646554246c6577f5aea358516ad5cf2c35fcef0cd16dbd01bbe89b19b4ccb"},
    {file = "newrelic-9.6.0-cp312-cp312-musllinux_1_1_x86_64.whl", hash = "sha256:5fae1f3addb422629c4d3e9d011de40629b4d078073ad0517ad42d4ddc7e8441"},
    {file = "newrelic-9.6.0-cp37-cp37m-manylinux_2_17_aarch64.manylinux2014_aarch64.whl", hash = "sha256:333bd5aedb4f814447ac3aa1a0cc76910a64f13385aa6481a97f87585af52cbf"},
    {file = "newrelic-9.6.0-cp37-cp37m-manylinux_2_5_x86_64.manylinux1_x86_64.manylinux_2_17_x86_64.manylinux2014_x86_64.whl", hash = "sha256:51a5aa22ce7813294ca5dc89a0d86ce4774bb9201028305975efdcf93ef36e0e"},
    {file = "newrelic-9.6.0-cp37-cp37m-musllinux_1_1_aarch64.whl", hash = "sha256:01c0eb630bb18261241a37aa0a70cb6f706079a1f58f59f2bb64f26fda54ffc5"},
    {file = "newrelic-9.6.0-cp37-cp37m-musllinux_1_1_x86_64.whl", hash = "sha256:eb82f31754dadd27676fe6f681b25db7af75eb854e332b92f1ea17584efc322c"},
    {file = "newrelic-9.6.0-cp38-cp38-manylinux_2_17_aarch64.manylinux2014_aarch64.whl", hash = "sha256:38256e67b2d295229240c29e9949cdae40c9ac987d51f569f57f52ed2aef027f"},
    {file = "newrelic-9.6.0-cp38-cp38-manylinux_2_5_x86_64.manylinux1_x86_64.manylinux_2_17_x86_64.manylinux2014_x86_64.whl", hash = "sha256:f681c005b1d44ec01b3fe1a7b4ec589572f681f27130ea367155ac0245e133d4"},
    {file = "newrelic-9.6.0-cp38-cp38-musllinux_1_1_aarch64.whl", hash = "sha256:23d54298bc0a936a17e25fdca52c2eefbc50966985738e31d62cfe12ea3f60ba"},
    {file = "newrelic-9.6.0-cp38-cp38-musllinux_1_1_x86_64.whl", hash = "sha256:f346aeb418c9da6cff4382cb4f50d314ae5126a6a6037f01224b0072eb30ff49"},
    {file = "newrelic-9.6.0-cp39-cp39-manylinux_2_17_aarch64.manylinux2014_aarch64.whl", hash = "sha256:26560dba7cd36c5c787e3dfd6c3c5d1e8e8605c82dc7ffee143880456d8650e5"},
    {file = "newrelic-9.6.0-cp39-cp39-manylinux_2_5_x86_64.manylinux1_x86_64.manylinux_2_17_x86_64.manylinux2014_x86_64.whl", hash = "sha256:d168349041922f206b72fa30a930c0752d8b76b4a2fd7774d4cb2843aa804e32"},
    {file = "newrelic-9.6.0-cp39-cp39-musllinux_1_1_aarch64.whl", hash = "sha256:72b378b4aa4a52d2ac14be962f0de747f573b9912365981c0b3fc16bd12b5133"},
    {file = "newrelic-9.6.0-cp39-cp39-musllinux_1_1_x86_64.whl", hash = "sha256:5ab342ab7e3189e244e44238aa8563eeff3a5b5896b77d2d4dbf2c5d0bfe7d73"},
    {file = "newrelic-9.6.0.tar.gz", hash = "sha256:3db642583cfee951f185696fe365b41d8aff733b23867e88de97de114e3cfcf8"},
]

[package.extras]
infinite-tracing = ["grpcio", "protobuf"]

[[package]]
name = "python-dotenv"
version = "1.0.1"
description = "Read key-value pairs from a .env file and set them as environment variables"
optional = false
python-versions = ">=3.8"
files = [
    {file = "python-dotenv-1.0.1.tar.gz", hash = "sha256:e324ee90a023d808f1959c46bcbc04446a10ced277783dc6ee09987c37ec10ca"},
    {file = "python_dotenv-1.0.1-py3-none-any.whl", hash = "sha256:f7b63ef50f1b690dddf550d03497b66d609393b40b564ed0d674909a68ebf16a"},
]

[package.extras]
cli = ["click (>=5.0)"]

[[package]]
name = "structlog"
version = "24.1.0"
description = "Structured Logging for Python"
optional = false
python-versions = ">=3.8"
files = [
    {file = "structlog-24.1.0-py3-none-any.whl", hash = "sha256:3f6efe7d25fab6e86f277713c218044669906537bb717c1807a09d46bca0714d"},
    {file = "structlog-24.1.0.tar.gz", hash = "sha256:41a09886e4d55df25bdcb9b5c9674bccfab723ff43e0a86a1b7b236be8e57b16"},
]

[package.extras]
dev = ["structlog[tests,typing]"]
docs = ["furo", "myst-parser", "sphinx", "sphinx-notfound-page", "sphinxcontrib-mermaid", "sphinxext-opengraph", "twisted"]
tests = ["freezegun (>=0.2.8)", "pretend", "pytest (>=6.0)", "pytest-asyncio (>=0.17)", "simplejson"]
typing = ["mypy (>=1.4)", "rich", "twisted"]

[[package]]
name = "yappi"
version = "1.6.0"
description = "Yet Another Python Profiler"
optional = false
python-versions = ">=3.6"
files = [
    {file = "yappi-1.6.0-cp310-cp310-macosx_10_9_x86_64.whl", hash = "sha256:c7c22bb39d3f2f294766f4940848d11b8ad1c43f9cf0a594ed695b07016007fc"},
    {file = "yappi-1.6.0-cp310-cp310-manylinux_2_5_i686.manylinux1_i686.manylinux_2_17_i686.manylinux2014_i686.whl", hash = "sha256:084688828c0a8c181ebe59bbf15dcd5a5db2f689eada59d5c277b997c4dccf43"},
    {file = "yappi-1.6.0-cp310-cp310-manylinux_2_5_x86_64.manylinux1_x86_64.manylinux_2_17_x86_64.manylinux2014_x86_64.whl", hash = "sha256:23c668e9ce87d70b126f73970cff997a2ab1964b947859ee50580af23964a096"},
    {file = "yappi-1.6.0-cp310-cp310-musllinux_1_1_i686.whl", hash = "sha256:d4c7c5de3ae439c53c6c6c98d30d4b063c6fc353428ba3d81b57d91f1c41f654"},
    {file = "yappi-1.6.0-cp310-cp310-musllinux_1_1_x86_64.whl", hash = "sha256:830ffb677b7a9f9886bc7789e9cb75d5b3ad9af5f43d56d48e56431f92f04bcc"},
    {file = "yappi-1.6.0-cp310-cp310-win32.whl", hash = "sha256:b42f7934fe96fd330488f9def51dd8e2fecc5cc9a71dceab8a27a41406b31332"},
    {file = "yappi-1.6.0-cp310-cp310-win_amd64.whl", hash = "sha256:1cd7453e99ebf56491254b0f4c28ae95c5e0ce55043eb17d1ab02c974cbd7416"},
    {file = "yappi-1.6.0-cp311-cp311-macosx_10_9_x86_64.whl", hash = "sha256:e9bc33b8ec9bce8b2575a4c3878b3cd223d08eb728669924699e5ac937e7b515"},
    {file = "yappi-1.6.0-cp311-cp311-manylinux_2_5_i686.manylinux1_i686.manylinux_2_17_i686.manylinux2014_i686.whl", hash = "sha256:a1cb70d46827a137350fb84b8fddecd7acec0a11834c763209875788b738f873"},
    {file = "yappi-1.6.0-cp311-cp311-manylinux_2_5_x86_64.manylinux1_x86_64.manylinux_2_17_x86_64.manylinux2014_x86_64.whl", hash = "sha256:a2cefe387bc747afcf0b26c9548e242113e17fac3de2674d900e97eb58a328f6"},
    {file = "yappi-1.6.0-cp311-cp311-musllinux_1_1_i686.whl", hash = "sha256:acfbf4c80b6ee0513ad35a6e4a1f633aa2f93357517f9701aed6ad8cd56544d4"},
    {file = "yappi-1.6.0-cp311-cp311-musllinux_1_1_x86_64.whl", hash = "sha256:e4959c1dcfb6da8441d05915bfbb9c697e9f11655568f65b87c341e543bd65d5"},
    {file = "yappi-1.6.0-cp311-cp311-win32.whl", hash = "sha256:88dee431bba79866692f444110695133181efb2a6969ab63752f4424787f79c8"},
    {file = "yappi-1.6.0-cp311-cp311-win_amd64.whl", hash = "sha256:8ddbe1475964f145b028f8bf120a58903d8f6c7bdd1be0a16c1471ba2d8646ca"},
    {file = "yappi-1.6.0-cp312-cp312-macosx_10_9_x86_64.whl", hash = "sha256:1ba7d12c18bc0d092463ad126a95a1b2b8c261c47b0e3bd4cb2fd7479469141c"},
    {file = "yappi-1.6.0-cp312-cp312-manylinux_2_5_i686.manylinux1_i686.manylinux_2_17_i686.manylinux2014_i686.whl", hash = "sha256:fb5bbb4c6b996736554cb8f41e7fb6d5ee6096b7c4f54112cce8cf953a92c0a4"},
    {file = "yappi-1.6.0-cp312-cp312-manylinux_2_5_x86_64.manylinux1_x86_64.manylinux_2_17_x86_64.manylinux2014_x86_64.whl", hash = "sha256:c12da5f310d81779056566259fef644a9c14ac1ec9a2b1b8a3fc62beb4ca6980"},
    {file = "yappi-1.6.0-cp312-cp312-musllinux_1_1_i686.whl", hash = "sha256:677d992c41b239441eee399ac39ea7601010ddb5acb92bf997de7589f9ee2cc1"},
    {file = "yappi-1.6.0-cp312-cp312-musllinux_1_1_x86_64.whl", hash = "sha256:d58e60aac43041d109f0931917204ef02ac01004b9579fe173f2847fbc69655b"},
    {file = "yappi-1.6.0-cp312-cp312-win32.whl", hash = "sha256:a6797f189b7b89154d6c7c53ac769a22f0adb7bd88ea5b8f6c65106a286afad6"},
    {file = "yappi-1.6.0-cp312-cp312-win_amd64.whl", hash = "sha256:cdaa263ba667aac9bf7bdc0d96fd10e2761a287f01fe87dc136f064ab7696af3"},
    {file = "yappi-1.6.0-cp36-cp36m-macosx_10_9_x86_64.whl", hash = "sha256:819c43539f55a9f40118ab8b3ce7cb743d66f3af63c7ce984c114533f750b263"},
    {file = "yappi-1.6.0-cp36-cp36m-manylinux_2_5_i686.manylinux1_i686.manylinux_2_17_i686.manylinux2014_i686.whl", hash = "sha256:d1a8be1f55875e2120d7cddcb7e98c77a79ed87715d6292874c782fcd7da2c50"},
    {file = "yappi-1.6.0-cp36-cp36m-manylinux_2_5_x86_64.manylinux1_x86_64.manylinux_2_17_x86_64.manylinux2014_x86_64.whl", hash = "sha256:f0f82e4895d04d6fd7bed2bea0abcc84271bdd990371cb053132753b6f5afb73"},
    {file = "yappi-1.6.0-cp36-cp36m-musllinux_1_1_i686.whl", hash = "sha256:1fd7d2da3e32f3d029220356e9b5b24754a7cd708d6e3830405e3dc04ec74153"},
    {file = "yappi-1.6.0-cp36-cp36m-musllinux_1_1_x86_64.whl", hash = "sha256:2c7c2c9048b2f9fbd5da9cc65bdad73571023a30b5c34f62d97d9a7d47cbe9f5"},
    {file = "yappi-1.6.0-cp36-cp36m-win32.whl", hash = "sha256:d9f6ac7cd8797850bb6fb4cef8364ed34051be6f47d7da74be3a9261eef4bbfb"},
    {file = "yappi-1.6.0-cp36-cp36m-win_amd64.whl", hash = "sha256:6a16dd3fb61cfa7ffeb287312ddfe2a5c61a53693b009d3a7a3f1b8affb9568a"},
    {file = "yappi-1.6.0-cp37-cp37m-macosx_10_9_x86_64.whl", hash = "sha256:638bd2458a6dfaa278e8977a8fdf44c8626003c12d8c94d82338ef8aa6ac245f"},
    {file = "yappi-1.6.0-cp37-cp37m-manylinux_2_5_i686.manylinux1_i686.manylinux_2_17_i686.manylinux2014_i686.whl", hash = "sha256:30d294a88baffc3cb13a66fe408ecf8973c927fb3498f327df5af7cc657cdc80"},
    {file = "yappi-1.6.0-cp37-cp37m-manylinux_2_5_x86_64.manylinux1_x86_64.manylinux_2_17_x86_64.manylinux2014_x86_64.whl", hash = "sha256:d49f972a8901972b104a2b65953ae8cbe005d5c09e0974422195bb780b2c5001"},
    {file = "yappi-1.6.0-cp37-cp37m-musllinux_1_1_i686.whl", hash = "sha256:e40a872d146ddddae337181f8808aa6c3b37ffa66bd38a18f009b9e2f2c08b99"},
    {file = "yappi-1.6.0-cp37-cp37m-musllinux_1_1_x86_64.whl", hash = "sha256:31050972159a026876a06b5eec97f2dbaaaa291ebf3cf07a0d5506cce37ef339"},
    {file = "yappi-1.6.0-cp37-cp37m-win32.whl", hash = "sha256:36278de1ecf3a781322fb5f9511abc0b66bff327ca87a9e868dc2e376ad1b11a"},
    {file = "yappi-1.6.0-cp37-cp37m-win_amd64.whl", hash = "sha256:ef61f5fed7c19dddad5b7565df5b7bdfa861d51c15b01a90d283c4d3c97c42e2"},
    {file = "yappi-1.6.0-cp38-cp38-macosx_10_9_x86_64.whl", hash = "sha256:e33c097402e101a51f9963654108e7625853ddc979b562e8381f761cce99ae13"},
    {file = "yappi-1.6.0-cp38-cp38-manylinux_2_5_i686.manylinux1_i686.manylinux_2_17_i686.manylinux2014_i686.whl", hash = "sha256:a9ea8dada24af41c11059f70741d8fce707aaf6862a9306f2ab63bde35f0ce9e"},
    {file = "yappi-1.6.0-cp38-cp38-manylinux_2_5_x86_64.manylinux1_x86_64.manylinux_2_17_x86_64.manylinux2014_x86_64.whl", hash = "sha256:e37817722a052632de21674ec8acf59645c08df786920362879a76493037c99e"},
    {file = "yappi-1.6.0-cp38-cp38-musllinux_1_1_i686.whl", hash = "sha256:72aff63e74b87ffbf121211246922df9ac5dffc8deabdc6964f5b7f399799d0a"},
    {file = "yappi-1.6.0-cp38-cp38-musllinux_1_1_x86_64.whl", hash = "sha256:8a3c970f43f6d9bbc7159b535fbef492cb21576c094e77a673362ad827d9e00a"},
    {file = "yappi-1.6.0-cp38-cp38-win32.whl", hash = "sha256:69a4aced8c86bcc91fbecc3924ca9bd0a91ed715531c8a039199ef325ebb7046"},
    {file = "yappi-1.6.0-cp38-cp38-win_amd64.whl", hash = "sha256:93352217bf560bea09b1cb43a17361bd2d41864698fa7ae46ce1066266c1af76"},
    {file = "yappi-1.6.0-cp39-cp39-macosx_10_9_x86_64.whl", hash = "sha256:6678f046e6bffc68ef2d7781f9fc90b932ca6e90ea966371318ed904c4c38b8d"},
    {file = "yappi-1.6.0-cp39-cp39-manylinux_2_5_i686.manylinux1_i686.manylinux_2_17_i686.manylinux2014_i686.whl", hash = "sha256:b2f8f0877e3b85b6d2074d2fb541085cd519481f3df9c7e7011fc3867c364c7e"},
    {file = "yappi-1.6.0-cp39-cp39-manylinux_2_5_x86_64.manylinux1_x86_64.manylinux_2_17_x86_64.manylinux2014_x86_64.whl", hash = "sha256:4ae77cfe71682beec6f15ddd6dfb5912436c489b38eb2c3355f4481c07b9c4bf"},
    {file = "yappi-1.6.0-cp39-cp39-musllinux_1_1_i686.whl", hash = "sha256:237b1ac310ef364db6d2a1817de93a346d1ed98abfa3053810dbbdcab9ca9300"},
    {file = "yappi-1.6.0-cp39-cp39-musllinux_1_1_x86_64.whl", hash = "sha256:474e9f3ba9394c19dd2f7dc257123e3918c178638597d507ee2094f19d938a39"},
    {file = "yappi-1.6.0-cp39-cp39-win32.whl", hash = "sha256:a69ce9d7acc71419092f158ab4851d982e90ecbffbe6abf7d95516f3f741b57f"},
    {file = "yappi-1.6.0-cp39-cp39-win_amd64.whl", hash = "sha256:e6ec9eabc974f9df868faa67461a9d167e9612083f59338f755f4aa61a2552b7"},
    {file = "yappi-1.6.0.tar.gz", hash = "sha256:a9aaf72009d8c03067294151ee0470ac7a6dfa7b33baab40b198d6c1ef00430a"},
]

[package.extras]
test = ["gevent (>=20.6.2)"]

[metadata]
lock-version = "2.0"
python-versions = "^3.12"
content-hash = "027c52dee61ca5dcee947cc279f7902a50c6c8e23c3f28fdb4737b94a3be640e"
